
Microsoft Visual Studio Solution File, Format Version 12.00
# Visual Studio Version 17
VisualStudioVersion = 17.5.33516.290
MinimumVisualStudioVersion = 10.0.40219.1
Project("{FAE04EC0-301F-11D3-BF4B-00C04F79EFBC}") = "Domain", "Domain\Domain.csproj", "{CD67133B-EE5B-401E-9C6B-26C177451BB0}"
EndProject
Project("{FAE04EC0-301F-11D3-BF4B-00C04F79EFBC}") = "Bus", "Bus\Bus.csproj", "{B0D91DBB-E9A9-47ED-A9BB-49CC371EB9BE}"
EndProject
Project("{FAE04EC0-301F-11D3-BF4B-00C04F79EFBC}") = "Infrastructure", "Infrastructure\Infrastructure.csproj", "{CBCA353E-1126-4EB3-BE1E-16F998D83C29}"
EndProject
Global
	GlobalSection(SolutionConfigurationPlatforms) = preSolution
		Debug|Any CPU = Debug|Any CPU
		Release|Any CPU = Release|Any CPU
	EndGlobalSection
	GlobalSection(ProjectConfigurationPlatforms) = postSolution
		{CD67133B-EE5B-401E-9C6B-26C177451BB0}.Debug|Any CPU.ActiveCfg = Debug|Any CPU
		{CD67133B-EE5B-401E-9C6B-26C177451BB0}.Debug|Any CPU.Build.0 = Debug|Any CPU
		{CD67133B-EE5B-401E-9C6B-26C177451BB0}.Release|Any CPU.ActiveCfg = Release|Any CPU
		{CD67133B-EE5B-401E-9C6B-26C177451BB0}.Release|Any CPU.Build.0 = Release|Any CPU
		{B0D91DBB-E9A9-47ED-A9BB-49CC371EB9BE}.Debug|Any CPU.ActiveCfg = Debug|Any CPU
		{B0D91DBB-E9A9-47ED-A9BB-49CC371EB9BE}.Debug|Any CPU.Build.0 = Debug|Any CPU
		{B0D91DBB-E9A9-47ED-A9BB-49CC371EB9BE}.Release|Any CPU.ActiveCfg = Release|Any CPU
		{B0D91DBB-E9A9-47ED-A9BB-49CC371EB9BE}.Release|Any CPU.Build.0 = Release|Any CPU
		{CBCA353E-1126-4EB3-BE1E-16F998D83C29}.Debug|Any CPU.ActiveCfg = Debug|Any CPU
		{CBCA353E-1126-4EB3-BE1E-16F998D83C29}.Debug|Any CPU.Build.0 = Debug|Any CPU
		{CBCA353E-1126-4EB3-BE1E-16F998D83C29}.Release|Any CPU.ActiveCfg = Release|Any CPU
		{CBCA353E-1126-4EB3-BE1E-16F998D83C29}.Release|Any CPU.Build.0 = Release|Any CPU
	EndGlobalSection
	GlobalSection(SolutionProperties) = preSolution
		HideSolutionNode = FALSE
	EndGlobalSection
	GlobalSection(ExtensibilityGlobals) = postSolution
		SolutionGuid = {2FD86972-0D59-4B37-B24C-E1C06C8F4878}
	EndGlobalSection
EndGlobal
